
Microsoft Visual Studio Solution File, Format Version 12.00
# Visual Studio Version 17
VisualStudioVersion = 17.3.32819.101
MinimumVisualStudioVersion = 10.0.40219.1
Project("{FAE04EC0-301F-11D3-BF4B-00C04F79EFBC}") = "BestStoreMVC", "BestStoreMVC\BestStoreMVC.csproj", "{EF5D29D0-C97E-40ED-AF44-3FB5524F076F}"
EndProject
Global
	GlobalSection(SolutionConfigurationPlatforms) = preSolution
		Debug|Any CPU = Debug|Any CPU
		Release|Any CPU = Release|Any CPU
	EndGlobalSection
	GlobalSection(ProjectConfigurationPlatforms) = postSolution
		{EF5D29D0-C97E-40ED-AF44-3FB5524F076F}.Debug|Any CPU.ActiveCfg = Debug|Any CPU
		{EF5D29D0-C97E-40ED-AF44-3FB5524F076F}.Debug|Any CPU.Build.0 = Debug|Any CPU
		{EF5D29D0-C97E-40ED-AF44-3FB5524F076F}.Release|Any CPU.ActiveCfg = Release|Any CPU
		{EF5D29D0-C97E-40ED-AF44-3FB5524F076F}.Release|Any CPU.Build.0 = Release|Any CPU
	EndGlobalSection
	GlobalSection(SolutionProperties) = preSolution
		HideSolutionNode = FALSE
	EndGlobalSection
	GlobalSection(ExtensibilityGlobals) = postSolution
		SolutionGuid = {21EEC29D-E360-4CD6-B5A8-CCC2525706E4}
	EndGlobalSection
EndGlobal
